
Microsoft Visual Studio Solution File, Format Version 12.00
# Visual Studio 14
VisualStudioVersion = 14.0.24720.0
MinimumVisualStudioVersion = 10.0.40219.1
Project("{2150E333-8FDC-42A3-9474-1A3956D46DE8}") = "SQLiteKei.Tests", "SQLiteKei.Tests", "{5229F847-85A7-48F2-BCD1-2F833DEB1936}"
EndProject
Project("{2150E333-8FDC-42A3-9474-1A3956D46DE8}") = "SQLiteKei", "SQLiteKei", "{A5A2EE66-01FA-47FF-9DE1-7DE03C30A83E}"
EndProject
Project("{FAE04EC0-301F-11D3-BF4B-00C04F79EFBC}") = "SQLiteKei", "SQLiteKei\SQLiteKei.csproj", "{6810210E-7314-43E2-BAAA-AD2500A06C8E}"
EndProject
Global
	GlobalSection(SolutionConfigurationPlatforms) = preSolution
		Debug|Any CPU = Debug|Any CPU
		Release|Any CPU = Release|Any CPU
	EndGlobalSection
	GlobalSection(ProjectConfigurationPlatforms) = postSolution
		{6810210E-7314-43E2-BAAA-AD2500A06C8E}.Debug|Any CPU.ActiveCfg = Debug|Any CPU
		{6810210E-7314-43E2-BAAA-AD2500A06C8E}.Debug|Any CPU.Build.0 = Debug|Any CPU
		{6810210E-7314-43E2-BAAA-AD2500A06C8E}.Release|Any CPU.ActiveCfg = Release|Any CPU
		{6810210E-7314-43E2-BAAA-AD2500A06C8E}.Release|Any CPU.Build.0 = Release|Any CPU
	EndGlobalSection
	GlobalSection(SolutionProperties) = preSolution
		HideSolutionNode = FALSE
	EndGlobalSection
	GlobalSection(NestedProjects) = preSolution
		{6810210E-7314-43E2-BAAA-AD2500A06C8E} = {A5A2EE66-01FA-47FF-9DE1-7DE03C30A83E}
	EndGlobalSection
EndGlobal
